
Microsoft Visual Studio Solution File, Format Version 12.00
# Visual Studio 2012
Project("{2150E333-8FDC-42A3-9474-1A3956D46DE8}") = "EF5", "EF5", "{C1345FD3-AA91-4252-ADBB-A4A1E9CD6744}"
EndProject
Project("{2150E333-8FDC-42A3-9474-1A3956D46DE8}") = ".NET4.0", ".NET4.0", "{76DD425F-C4BC-43D7-B131-8B2571CFA21E}"
EndProject
Project("{FAE04EC0-301F-11D3-BF4B-00C04F79EFBC}") = "EntityFrameworkTest", "EF5\.NET4.0\EntityFrameworkTest\EntityFrameworkTest.csproj", "{6ED1A470-F2F4-411B-A2D9-4BDA1AAE5DC8}"
EndProject
Global
	GlobalSection(SolutionConfigurationPlatforms) = preSolution
		Debug|Any CPU = Debug|Any CPU
		Release|Any CPU = Release|Any CPU
	EndGlobalSection
	GlobalSection(ProjectConfigurationPlatforms) = postSolution
		{6ED1A470-F2F4-411B-A2D9-4BDA1AAE5DC8}.Debug|Any CPU.ActiveCfg = Debug|Any CPU
		{6ED1A470-F2F4-411B-A2D9-4BDA1AAE5DC8}.Debug|Any CPU.Build.0 = Debug|Any CPU
		{6ED1A470-F2F4-411B-A2D9-4BDA1AAE5DC8}.Release|Any CPU.ActiveCfg = Release|Any CPU
		{6ED1A470-F2F4-411B-A2D9-4BDA1AAE5DC8}.Release|Any CPU.Build.0 = Release|Any CPU
	EndGlobalSection
	GlobalSection(SolutionProperties) = preSolution
		HideSolutionNode = FALSE
	EndGlobalSection
	GlobalSection(NestedProjects) = preSolution
		{76DD425F-C4BC-43D7-B131-8B2571CFA21E} = {C1345FD3-AA91-4252-ADBB-A4A1E9CD6744}
		{6ED1A470-F2F4-411B-A2D9-4BDA1AAE5DC8} = {76DD425F-C4BC-43D7-B131-8B2571CFA21E}
	EndGlobalSection
EndGlobal
